
Microsoft Visual Studio Solution File, Format Version 12.00
# Visual Studio Version 16
VisualStudioVersion = 16.0.30204.135
MinimumVisualStudioVersion = 10.0.40219.1
Project("{FAE04EC0-301F-11D3-BF4B-00C04F79EFBC}") = "ElevenNote.WebAPI", "ElevenNote.WebAPI\ElevenNote.WebAPI.csproj", "{49558640-8E4D-4794-94EF-D5C0CA49D86A}"
EndProject
Project("{FAE04EC0-301F-11D3-BF4B-00C04F79EFBC}") = "ElevenNote.Data", "ElevenNote.Data\ElevenNote.Data.csproj", "{D573EDC8-2590-4198-9A84-9F8678275CCC}"
EndProject
Project("{FAE04EC0-301F-11D3-BF4B-00C04F79EFBC}") = "ElevenNote.Models", "ElevenNote.Models\ElevenNote.Models.csproj", "{BD602908-046E-4EEC-9D2D-7C9F2BFCBB9D}"
EndProject
Project("{FAE04EC0-301F-11D3-BF4B-00C04F79EFBC}") = "ElevenNote.Services", "ElevenNote.Services\ElevenNote.Services.csproj", "{1A4E4ACF-A605-4D19-ABB1-DC883324178F}"
EndProject
Global
	GlobalSection(SolutionConfigurationPlatforms) = preSolution
		Debug|Any CPU = Debug|Any CPU
		Release|Any CPU = Release|Any CPU
	EndGlobalSection
	GlobalSection(ProjectConfigurationPlatforms) = postSolution
		{49558640-8E4D-4794-94EF-D5C0CA49D86A}.Debug|Any CPU.ActiveCfg = Debug|Any CPU
		{49558640-8E4D-4794-94EF-D5C0CA49D86A}.Debug|Any CPU.Build.0 = Debug|Any CPU
		{49558640-8E4D-4794-94EF-D5C0CA49D86A}.Release|Any CPU.ActiveCfg = Release|Any CPU
		{49558640-8E4D-4794-94EF-D5C0CA49D86A}.Release|Any CPU.Build.0 = Release|Any CPU
		{D573EDC8-2590-4198-9A84-9F8678275CCC}.Debug|Any CPU.ActiveCfg = Debug|Any CPU
		{D573EDC8-2590-4198-9A84-9F8678275CCC}.Debug|Any CPU.Build.0 = Debug|Any CPU
		{D573EDC8-2590-4198-9A84-9F8678275CCC}.Release|Any CPU.ActiveCfg = Release|Any CPU
		{D573EDC8-2590-4198-9A84-9F8678275CCC}.Release|Any CPU.Build.0 = Release|Any CPU
		{BD602908-046E-4EEC-9D2D-7C9F2BFCBB9D}.Debug|Any CPU.ActiveCfg = Debug|Any CPU
		{BD602908-046E-4EEC-9D2D-7C9F2BFCBB9D}.Debug|Any CPU.Build.0 = Debug|Any CPU
		{BD602908-046E-4EEC-9D2D-7C9F2BFCBB9D}.Release|Any CPU.ActiveCfg = Release|Any CPU
		{BD602908-046E-4EEC-9D2D-7C9F2BFCBB9D}.Release|Any CPU.Build.0 = Release|Any CPU
		{1A4E4ACF-A605-4D19-ABB1-DC883324178F}.Debug|Any CPU.ActiveCfg = Debug|Any CPU
		{1A4E4ACF-A605-4D19-ABB1-DC883324178F}.Debug|Any CPU.Build.0 = Debug|Any CPU
		{1A4E4ACF-A605-4D19-ABB1-DC883324178F}.Release|Any CPU.ActiveCfg = Release|Any CPU
		{1A4E4ACF-A605-4D19-ABB1-DC883324178F}.Release|Any CPU.Build.0 = Release|Any CPU
	EndGlobalSection
	GlobalSection(SolutionProperties) = preSolution
		HideSolutionNode = FALSE
	EndGlobalSection
	GlobalSection(ExtensibilityGlobals) = postSolution
		SolutionGuid = {259926EE-E268-440D-AB21-048C817AFA42}
	EndGlobalSection
EndGlobal
